
Microsoft Visual Studio Solution File, Format Version 12.00
# Visual Studio Version 17
VisualStudioVersion = 17.8.34322.80
MinimumVisualStudioVersion = 10.0.40219.1
Project("{FAE04EC0-301F-11D3-BF4B-00C04F79EFBC}") = "TestDemo", "TestDemo\TestDemo.csproj", "{4ACAFAD3-ECA0-4BC0-9C2C-07EDBBCB73B9}"
EndProject
Project("{FAE04EC0-301F-11D3-BF4B-00C04F79EFBC}") = "TestDemoTests", "TestDemoTests\TestDemoTests.csproj", "{80241309-FC05-43FE-8CB3-7DE5CA3F037C}"
EndProject
Global
	GlobalSection(SolutionConfigurationPlatforms) = preSolution
		Debug|Any CPU = Debug|Any CPU
		Release|Any CPU = Release|Any CPU
	EndGlobalSection
	GlobalSection(ProjectConfigurationPlatforms) = postSolution
		{4ACAFAD3-ECA0-4BC0-9C2C-07EDBBCB73B9}.Debug|Any CPU.ActiveCfg = Debug|Any CPU
		{4ACAFAD3-ECA0-4BC0-9C2C-07EDBBCB73B9}.Debug|Any CPU.Build.0 = Debug|Any CPU
		{4ACAFAD3-ECA0-4BC0-9C2C-07EDBBCB73B9}.Release|Any CPU.ActiveCfg = Release|Any CPU
		{4ACAFAD3-ECA0-4BC0-9C2C-07EDBBCB73B9}.Release|Any CPU.Build.0 = Release|Any CPU
		{80241309-FC05-43FE-8CB3-7DE5CA3F037C}.Debug|Any CPU.ActiveCfg = Debug|Any CPU
		{80241309-FC05-43FE-8CB3-7DE5CA3F037C}.Debug|Any CPU.Build.0 = Debug|Any CPU
		{80241309-FC05-43FE-8CB3-7DE5CA3F037C}.Release|Any CPU.ActiveCfg = Release|Any CPU
		{80241309-FC05-43FE-8CB3-7DE5CA3F037C}.Release|Any CPU.Build.0 = Release|Any CPU
	EndGlobalSection
	GlobalSection(SolutionProperties) = preSolution
		HideSolutionNode = FALSE
	EndGlobalSection
	GlobalSection(ExtensibilityGlobals) = postSolution
		SolutionGuid = {419C80A1-3D29-4C6E-B550-E5096CB23A0F}
	EndGlobalSection
EndGlobal
